
Microsoft Visual Studio Solution File, Format Version 12.00
# Visual Studio 15
VisualStudioVersion = 15.0.28307.1800
MinimumVisualStudioVersion = 10.0.40219.1
Project("{FAE04EC0-301F-11D3-BF4B-00C04F79EFBC}") = "StudentMainManager2", "StudentMainManager2\StudentMainManager2.csproj", "{5D6A980A-B748-4BB3-8504-EA74F30B1D80}"
EndProject
Global
	GlobalSection(SolutionConfigurationPlatforms) = preSolution
		Debug|Any CPU = Debug|Any CPU
		Release|Any CPU = Release|Any CPU
	EndGlobalSection
	GlobalSection(ProjectConfigurationPlatforms) = postSolution
		{5D6A980A-B748-4BB3-8504-EA74F30B1D80}.Debug|Any CPU.ActiveCfg = Debug|Any CPU
		{5D6A980A-B748-4BB3-8504-EA74F30B1D80}.Debug|Any CPU.Build.0 = Debug|Any CPU
		{5D6A980A-B748-4BB3-8504-EA74F30B1D80}.Release|Any CPU.ActiveCfg = Release|Any CPU
		{5D6A980A-B748-4BB3-8504-EA74F30B1D80}.Release|Any CPU.Build.0 = Release|Any CPU
	EndGlobalSection
	GlobalSection(SolutionProperties) = preSolution
		HideSolutionNode = FALSE
	EndGlobalSection
	GlobalSection(ExtensibilityGlobals) = postSolution
		SolutionGuid = {DE5A0C3E-DA01-4D60-9E0A-C8B9CE217320}
	EndGlobalSection
EndGlobal
